
Microsoft Visual Studio Solution File, Format Version 12.00
# Visual Studio 15
VisualStudioVersion = 15.0.28010.2016
MinimumVisualStudioVersion = 10.0.40219.1
Project("{FAE04EC0-301F-11D3-BF4B-00C04F79EFBC}") = "Primer Parcial", "Primer Parcial\Primer Parcial.csproj", "{E49E5C99-6A23-473F-9C16-428C93539EE3}"
EndProject
Global
	GlobalSection(SolutionConfigurationPlatforms) = preSolution
		Debug|Any CPU = Debug|Any CPU
		Release|Any CPU = Release|Any CPU
	EndGlobalSection
	GlobalSection(ProjectConfigurationPlatforms) = postSolution
		{E49E5C99-6A23-473F-9C16-428C93539EE3}.Debug|Any CPU.ActiveCfg = Debug|Any CPU
		{E49E5C99-6A23-473F-9C16-428C93539EE3}.Debug|Any CPU.Build.0 = Debug|Any CPU
		{E49E5C99-6A23-473F-9C16-428C93539EE3}.Release|Any CPU.ActiveCfg = Release|Any CPU
		{E49E5C99-6A23-473F-9C16-428C93539EE3}.Release|Any CPU.Build.0 = Release|Any CPU
	EndGlobalSection
	GlobalSection(SolutionProperties) = preSolution
		HideSolutionNode = FALSE
	EndGlobalSection
	GlobalSection(ExtensibilityGlobals) = postSolution
		SolutionGuid = {938D1E01-A269-44A0-832D-E0C9599AE5A9}
	EndGlobalSection
EndGlobal
